
Microsoft Visual Studio Solution File, Format Version 12.00
# Visual Studio Version 17
VisualStudioVersion = 17.4.33213.308
MinimumVisualStudioVersion = 10.0.40219.1
Project("{2150E333-8FDC-42A3-9474-1A3956D46DE8}") = "src", "src", "{74FE58CE-E344-474D-9B77-44010AC0F37A}"
EndProject
Project("{FAE04EC0-301F-11D3-BF4B-00C04F79EFBC}") = "Trivia.API", "Trivia.API\Trivia.API.csproj", "{D1857A72-5B16-47B2-8840-031DB4467759}"
EndProject
Project("{FAE04EC0-301F-11D3-BF4B-00C04F79EFBC}") = "Trivia.DataAccess", "Trivia.DataAccess\Trivia.DataAccess.csproj", "{06DF79B2-11C2-4C03-B07F-C66AF57A2314}"
EndProject
Project("{FAE04EC0-301F-11D3-BF4B-00C04F79EFBC}") = "Trivia.Application", "Trivia.Application\Trivia.Application.csproj", "{4E128F9F-0FCC-4DFC-8A91-4BB94F1BCAEA}"
EndProject
Global
	GlobalSection(SolutionConfigurationPlatforms) = preSolution
		Debug|Any CPU = Debug|Any CPU
		Release|Any CPU = Release|Any CPU
	EndGlobalSection
	GlobalSection(ProjectConfigurationPlatforms) = postSolution
		{D1857A72-5B16-47B2-8840-031DB4467759}.Debug|Any CPU.ActiveCfg = Debug|Any CPU
		{D1857A72-5B16-47B2-8840-031DB4467759}.Debug|Any CPU.Build.0 = Debug|Any CPU
		{D1857A72-5B16-47B2-8840-031DB4467759}.Release|Any CPU.ActiveCfg = Release|Any CPU
		{D1857A72-5B16-47B2-8840-031DB4467759}.Release|Any CPU.Build.0 = Release|Any CPU
		{06DF79B2-11C2-4C03-B07F-C66AF57A2314}.Debug|Any CPU.ActiveCfg = Debug|Any CPU
		{06DF79B2-11C2-4C03-B07F-C66AF57A2314}.Debug|Any CPU.Build.0 = Debug|Any CPU
		{06DF79B2-11C2-4C03-B07F-C66AF57A2314}.Release|Any CPU.ActiveCfg = Release|Any CPU
		{06DF79B2-11C2-4C03-B07F-C66AF57A2314}.Release|Any CPU.Build.0 = Release|Any CPU
		{4E128F9F-0FCC-4DFC-8A91-4BB94F1BCAEA}.Debug|Any CPU.ActiveCfg = Debug|Any CPU
		{4E128F9F-0FCC-4DFC-8A91-4BB94F1BCAEA}.Debug|Any CPU.Build.0 = Debug|Any CPU
		{4E128F9F-0FCC-4DFC-8A91-4BB94F1BCAEA}.Release|Any CPU.ActiveCfg = Release|Any CPU
		{4E128F9F-0FCC-4DFC-8A91-4BB94F1BCAEA}.Release|Any CPU.Build.0 = Release|Any CPU
	EndGlobalSection
	GlobalSection(SolutionProperties) = preSolution
		HideSolutionNode = FALSE
	EndGlobalSection
	GlobalSection(NestedProjects) = preSolution
		{D1857A72-5B16-47B2-8840-031DB4467759} = {74FE58CE-E344-474D-9B77-44010AC0F37A}
		{06DF79B2-11C2-4C03-B07F-C66AF57A2314} = {74FE58CE-E344-474D-9B77-44010AC0F37A}
		{4E128F9F-0FCC-4DFC-8A91-4BB94F1BCAEA} = {74FE58CE-E344-474D-9B77-44010AC0F37A}
	EndGlobalSection
	GlobalSection(ExtensibilityGlobals) = postSolution
		SolutionGuid = {88585C1F-D21B-4E3F-9E00-F1C2E90C8D00}
	EndGlobalSection
EndGlobal
